{
  "name": "object",
  "version": "1.0.0",
  "lockfileVersion": 3,
  "requires": true,
  "packages": {
    "": {
      "name": "object",
      "version": "1.0.0",
      "license": "ISC",
      "devDependencies": {
        "php-bundler": "github:lovedder1995/php-bundler#2.0.0"
      }
    },
    "node_modules/php-bundler": {
      "version": "2.0.0",
      "resolved": "git+ssh://git@github.com/lovedder1995/php-bundler.git#ca3528e605807e3d9614d3a02832c0039b03e0bc",
      "dev": true,
      "license": "ISC"
    }
  }
}
